PODS:
  - Flutter (1.0.0)
  - webview_flutter_wkwebview (0.0.1):
    - Flutter
  - zapt_sdk_flutter (0.0.1):
    - Flutter
    - ZaptLocation-iOS-SDK (~> 0.0.11-rc4)
  - ZaptLocation-iOS-SDK (0.0.11-rc4)

DEPENDENCIES:
  - Flutter (from `Flutter`)
  - webview_flutter_wkwebview (from `.symlinks/plugins/webview_flutter_wkwebview/ios`)
  - zapt_sdk_flutter (from `.symlinks/plugins/zapt_sdk_flutter/ios`)

SPEC REPOS:
  trunk:
    - ZaptLocation-iOS-SDK

EXTERNAL SOURCES:
  Flutter:
    :path: Flutter
  webview_flutter_wkwebview:
    :path: ".symlinks/plugins/webview_flutter_wkwebview/ios"
  zapt_sdk_flutter:
    :path: ".symlinks/plugins/zapt_sdk_flutter/ios"

SPEC CHECKSUMS:
  Flutter: 50d75fe2f02b26cc09d224853bb45737f8b3214a
  webview_flutter_wkwebview: b7e70ef1ddded7e69c796c7390ee74180182971f
  zapt_sdk_flutter: 4f876d9f365c8c133ea8758f3530ee0150b731a4
  ZaptLocation-iOS-SDK: 4b4b1425fc47fa99cd70fce27f82d3a5b2be944b

PODFILE CHECKSUM: aafe91acc616949ddb318b77800a7f51bffa2a4c

COCOAPODS: 1.11.2
